{
  "armor_decoration/armorpieces:anklets": "ap17ijtdwm4x42x4swzqwra",
  "armor_decoration/armorpieces:bandolier": "ap1gnglxkrj6eo7grooie5q",
  "armor_decoration/armorpieces:bangles": "ap1donspyqrbksq3qv32kwa",
  "armor_decoration/armorpieces:banner": "ap1jyuohy7oyb6t4hwesvaq",
  "armor_decoration/armorpieces:barbute": "ap1e6n4qkwbb4tpwvticwhq",
  "armor_decoration/armorpieces:bedroll": "ap1qhp2ssukn2b2kd4xvjhq",
  "armor_decoration/armorpieces:bellows_visor": "ap15msxqthhiqrwodkxenma",
  "armor_decoration/armorpieces:bells": "ap1i2qk4hm5s2k4lzx4jzdq",
  "armor_decoration/armorpieces:boot_cuffs": "ap154kgoqoed3xqlv7wss7a",
  "armor_decoration/armorpieces:brooch": "ap1yeeftra5nb2hq57aku5a",
  "armor_decoration/armorpieces:browband": "ap1v7urosyyjkjcz7dnz64a",
  "armor_decoration/armorpieces:brush_crest": "ap1fjhew4u2twhbk65joyaa",
  "armor_decoration/armorpieces:buckled_belt": "ap1535ni6y5mtn5veuusk7q",
  "armor_decoration/armorpieces:buckler": "ap1qmqkxevpif3qhuc4vjba",
  "armor_decoration/armorpieces:chain_belt": "ap14kylodmvy3nbtdjj3oea",
  "armor_decoration/armorpieces:chain_of_office": "ap1awmod3aicvs7klbr4vqa",
  "armor_decoration/armorpieces:cheek_guards": "ap1jmqg2ory5hrxw2olxmoa",
  "armor_decoration/armorpieces:circlet": "ap1sl5j4mr6qkmfbot3v6qa",
  "armor_decoration/armorpieces:cloak": "ap1wpymne7gjl2jsvhjwhoa",
  "armor_decoration/armorpieces:comb": "ap1wip7keldvzxyin2u3aea",
  "armor_decoration/armorpieces:cord": "ap1zfodgxrmgk6jusejmh6q",
  "armor_decoration/armorpieces:coronet": "ap1ufa2ooyc2hjr6ejndjta",
  "armor_decoration/armorpieces:cuffs": "ap12njg3bidcds2keygpkmq",
  "armor_decoration/armorpieces:epaulettes": "ap1c7lazeclpcfmctbvu5nq",
  "armor_decoration/armorpieces:fauld": "ap1vfzacwamnwcknfvp4mtq",
  "armor_decoration/armorpieces:feathering": "ap17c3yrmpqje2rmfexwrha",
  "armor_decoration/armorpieces:frog_mouth": "ap1kmwfizfndv424awvkqba",
  "armor_decoration/armorpieces:garters": "ap1qyqwf4lkvotzst7oxpla",
  "armor_decoration/armorpieces:girdle": "ap1d5xvm4fdxmpbvgpjtrsa",
  "armor_decoration/armorpieces:gorget": "ap1zpvyemjjcxcgkjp4lhjq",
  "armor_decoration/armorpieces:great_helm": "ap17zwqdulibwcl6ohigv7q",
  "armor_decoration/armorpieces:greaves": "ap1pcq73p4uyehuyozv56wa",
  "armor_decoration/armorpieces:heel_wings": "ap1ierg5smzqocmiv4b4jdq",
  "armor_decoration/armorpieces:helm_wings": "ap1he2ppvrgv5ikr2hzny4a",
  "armor_decoration/armorpieces:knee_studs": "ap1nlf5sfuo4hjctrx46qbq",
  "armor_decoration/armorpieces:lames": "ap1z4xxttihcndv5dnmuvja",
  "armor_decoration/armorpieces:laurel": "ap1x7ahc3w42xoyatiaubrq",
  "armor_decoration/armorpieces:loin_panels": "ap14dqritdlnylt4rw2f4eq",
  "armor_decoration/armorpieces:mail_fringe": "ap1ugkqrtdytysieewohrbq",
  "armor_decoration/armorpieces:mittens": "ap1jbaacyojm4it2s3fpoyq",
  "armor_decoration/armorpieces:nasal": "ap1253lpj6ssqg6a3twkjsa",
  "armor_decoration/armorpieces:padding": "ap1hcz5u5b5jzy3uzzrlhyq",
  "armor_decoration/armorpieces:pendant": "ap17zfltx7pdekeod4v6wlq",
  "armor_decoration/armorpieces:pinions": "ap1ftosh6ryaqh5aglcou7q",
  "armor_decoration/armorpieces:poleyns": "ap17o5efcdiwquts7huphlq",
  "armor_decoration/armorpieces:pouch_belt": "ap1zc74v6d33uacwjsbx4wa",
  "armor_decoration/armorpieces:puttees": "ap16t26ts6aelhm6nmuu6fa",
  "armor_decoration/armorpieces:quiver": "ap17l57imgqaoa5gy6h7yla",
  "armor_decoration/armorpieces:rowel_spurs": "ap1hnhuut4byj7hzgympl2q",
  "armor_decoration/armorpieces:ruff": "ap1zx5gw3udq5otaskp4v3a",
  "armor_decoration/armorpieces:sallet_slit": "ap1qxjuv7kbqa4uontwpvxq",
  "armor_decoration/armorpieces:sash": "ap1ol5jtpybvlngg3fhkk3a",
  "armor_decoration/armorpieces:scarf": "ap1ocqgwtbmxocapfycfgfq",
  "armor_decoration/armorpieces:spaulders": "ap14awta6ld526iefbkdh2q",
  "armor_decoration/armorpieces:spectacle_visor": "ap12tviuulntxt5himw52pq",
  "armor_decoration/armorpieces:spiked_pauldrons": "ap1rxfv57tirwsm7fhpczoq",
  "armor_decoration/armorpieces:spire": "ap1o4agyryfjteaa2jdhe6a",
  "armor_decoration/armorpieces:spurs": "ap1mnnvmzliahkyyk4zdrxa",
  "armor_decoration/armorpieces:streamers": "ap1dfijuxyc4qgxz6yur6pa",
  "armor_decoration/armorpieces:tassets": "ap1nprpnyhvsrqvuyco4dha",
  "armor_decoration/armorpieces:thigh_sheath": "ap1nohkilrj3sf7zez3y5mq",
  "armor_decoration/armorpieces:vambraces": "ap1rxfljsuuwo2pko2wumca",
  "armor_decoration/armorpieces:visor": "ap1bxgg7e6hkx4rxescerma",
  "armor_decoration/armorpieces:wing_roots": "ap1h37uv4v4vvz2idlpdofa",
  "armor_decoration/armorpieces:winged_cops": "ap1iikz2rwffpjlt6zp4bxq",
  "armor_decoration/armorpieces:wraps": "ap16dt5r6acn77lnjftsooq",
  "armor_decoration/armorpieces_animals:armadillo_shell": "ap1ghol3b6c5zi3tecttz4q",
  "armor_decoration/armorpieces_animals:bee_wings": "ap1e5p6xucmpavf76sw7iaa",
  "armor_decoration/armorpieces_animals:donkey_tail": "ap1snzkrrgdtsjc22g7a7aa",
  "armor_decoration/armorpieces_animals:flower_brooch": "ap1fnlfgwqcaedsjsliipaa",
  "armor_decoration/armorpieces_animals:fox_ears": "ap1c3lakfkrbpztxhnirxmq",
  "armor_decoration/armorpieces_animals:frog_mask": "ap15lcb7f5jkv3txmd3vvcq",
  "armor_decoration/armorpieces_animals:rabbit_feet": "ap1qp5vtxkwj5bretq2hsfq",
  "armor_decoration/armorpieces_animals:turtle_shell": "ap1g7kolrza4tugkqmkan6q",
  "armor_decoration/armorpieces_coral:axolotl_frills": "ap1ou7xhcncwf3a6l5hczbq",
  "armor_decoration/armorpieces_coral:coral_crown": "ap1i5fum6srwbf572ju67qq",
  "armor_decoration/armorpieces_coral:dorsal_fin": "ap1rtetbzubseuu4lzhp22q",
  "armor_decoration/armorpieces_coral:head_fins": "ap1cq2fmiyffsprhmcsqrwq",
  "armor_decoration/armorpieces_coral:kelp_mantle": "ap1x6dw3ujwnlxbhbgxufoq",
  "armor_decoration/armorpieces_coral:nautilus_gorget": "ap1xazwckd2kqu7477tthta",
  "armor_decoration/armorpieces_coral:scale_shins": "ap1yn5qp7psattnixqviasq",
  "armor_decoration/armorpieces_coral:scale_skirt": "ap1whhqtcm52nzgfdxqxd5a",
  "armor_decoration/armorpieces_coral:spine_ridge": "ap1hq6wwlfmwh2yirsg3i5a",
  "armor_decoration/armorpieces_coral:swim_fins": "ap1d2mhkjq5fovxyonsflra",
  "armor_decoration/armorpieces_dragon:dragon_knuckles": "ap13jwbq6m66jtfz7gnzi2q",
  "armor_decoration/armorpieces_dragon:dragon_scales": "ap1kvzk5q56iubbpn57tvkq",
  "armor_decoration/armorpieces_dragon:dragon_talons": "ap1a2kvqujm6lrrodhagatq",
  "armor_decoration/armorpieces_dragon:wing_tatters": "ap1axb2eqrdpi2ndzxrrf5q",
  "armor_decoration/armorpieces_hive:aerials": "ap14snoziloni7lkwt27roq",
  "armor_decoration/armorpieces_hive:antennae": "ap1wpqvgzawndlngeucerha",
  "armor_decoration/armorpieces_hive:carapace": "ap1thiexlxznlkrkidwwwyq",
  "armor_decoration/armorpieces_hive:wing_cases": "ap1xjkmu6mppp5chlzudtba",
  "armor_decoration/armorpieces_hunt:antlers": "ap1m2tojjzqoxhy5v4k7vca",
  "armor_decoration/armorpieces_hunt:beast_head": "ap1j3mt5q3q34yuijoshu5a",
  "armor_decoration/armorpieces_hunt:bone_mask": "ap1jscm3dysfk7hgoplqi6a",
  "armor_decoration/armorpieces_hunt:claws": "ap1hpt65ldgmgad32tyv3oa",
  "armor_decoration/armorpieces_hunt:ears": "ap1axtqvchxygwtn75bvhlq",
  "armor_decoration/armorpieces_hunt:fang_necklace": "ap146vify2rsmz3kyuhk75a",
  "armor_decoration/armorpieces_hunt:fanged_cop": "ap1sq7nayjqtalwpahj5qkq",
  "armor_decoration/armorpieces_hunt:horns": "ap1o2epgxo26tacuypge6la",
  "armor_decoration/armorpieces_hunt:horsetail": "ap16wgkp34ezsaripeqqzba",
  "armor_decoration/armorpieces_hunt:mantle": "ap1mnwocwedsymgpu5ayyyq",
  "armor_decoration/armorpieces_hunt:pelt": "ap14sc7euwayh2hkdc7mhia",
  "armor_decoration/armorpieces_hunt:savoyard": "ap12v7dsojod635v6lve3jq",
  "armor_decoration/armorpieces_hunt:shin_spikes": "ap1hbimpil263kv3ddecyuq",
  "armor_decoration/armorpieces_hunt:talons": "ap1fhzzc2cjqt2za4eysr5a",
  "armor_decoration/armorpieces_hunt:tusks": "ap1n36fr45nqudsaphu7ksa",
  "armor_skin/armorpieces:brigandine": "ap157bfn2lfz3i77vubdjpq",
  "armor_skin/armorpieces:chainmail": "ap14skpx2agaxgumdvu3gja",
  "armor_skin/armorpieces:gambeson": "ap1ehlq6y3ohp4ureqt7b6q",
  "armor_skin/armorpieces:gothic": "ap1lvulehhrem5edlk4adla",
  "armor_skin/armorpieces:lamellar": "ap1ziekr7wcqpcrjnzleyuq",
  "armor_skin/armorpieces:mail": "ap153rm2juogjpjhd5cy5va",
  "armor_skin/armorpieces:milanese": "ap1v53idyt65mte47cursqq",
  "armor_skin/armorpieces:plate": "ap14gwtjuzh5nqwkq3hcasa",
  "armor_skin/armorpieces:scale": "ap1lqkvbqfmryjyolhjjjyq",
  "armor_skin/armorpieces_legends:hoplite": "ap1g47wfxkzwa77hyqhzvia",
  "armor_skin/armorpieces_legends:lorica": "ap1eacmtmg4if4ki7ib4hka",
  "armor_skin/armorpieces_legends:runic": "ap1hg3mbtjib5nyqogmn4yq",
  "armor_skin/armorpieces_legends:samurai": "ap1evec72ksryasqwqzrmba",
  "armor_skin/armorpieces_legends:varangian": "ap1rie5syo6pyeftyhbydjq",
  "cloth/armorpieces:tabard": "ap1dehel4kmanmrueeg54aq",
  "cloth/armorpieces:tunic": "ap12m2jofbbghchjqjokx6q"
}
